{
  "version": "5",
  "redirects": {
    "https://esm.sh/@supabase/phoenix@^0.4.2?target=denonext": "https://esm.sh/@supabase/phoenix@0.4.2?target=denonext",
    "https://esm.sh/iceberg-js@^0.8.1?target=denonext": "https://esm.sh/iceberg-js@0.8.1?target=denonext"
  },
  "remote": {
    "https://esm.sh/@anthropic-ai/sdk@0.30.0": "6c2c93b3d34e34801bdd402e5b113a043c6780326d5bd63c57edbb9fb84e2e6d",
    "https://esm.sh/@anthropic-ai/sdk@0.30.0/denonext/_shims/MultipartBody.mjs": "79a7fc090811d70bd72976a603366867e01533c2a4659550d51d98090a240dd4",
    "https://esm.sh/@anthropic-ai/sdk@0.30.0/denonext/_shims/auto/runtime.mjs": "4b79672f9e2a5fdc4980389a6a34b1816b4b3aec329c1c4f0189890af26341a4",
    "https://esm.sh/@anthropic-ai/sdk@0.30.0/denonext/_shims/index.mjs": "b6e611d19d88b9f0bf57fc57e8d54911c16eb834cb822fb242de46ff0a08b81a",
    "https://esm.sh/@anthropic-ai/sdk@0.30.0/denonext/_shims/registry.mjs": "cc3b9117c3ba0fb78cb5be5a74491fe18d7b8e359c26215362028f49346c5967",
    "https://esm.sh/@anthropic-ai/sdk@0.30.0/denonext/_shims/web-runtime.mjs": "377e297fcd43a0996d2fb15b068b1d9e49b47388430a28c81d9bc27308486993",
    "https://esm.sh/@anthropic-ai/sdk@0.30.0/denonext/_vendor/partial-json-parser/parser.mjs": "bcd4769488e7be6bafa72c559c56289e6739c8a7a21de06047a1aa6a93e68f89",
    "https://esm.sh/@anthropic-ai/sdk@0.30.0/denonext/core.mjs": "1e02f0181d058521b492ab7ba5aa7ea08de80c6984193cd23a9f1cb888fcf0d7",
    "https://esm.sh/@anthropic-ai/sdk@0.30.0/denonext/error.mjs": "cfe0e33aff4a68a616ca98431f80b0dc1cdc356f69ec3196611e2983bbf26705",
    "https://esm.sh/@anthropic-ai/sdk@0.30.0/denonext/internal/decoders/jsonl.mjs": "8e815c2e42b8b8030cfb46a54c0a60a0443228ae2eb5c7d1b196fc661a8ff410",
    "https://esm.sh/@anthropic-ai/sdk@0.30.0/denonext/internal/decoders/line.mjs": "08e8219df5368bfcee040a81ad498731c1cca53175d097b7988309e6773557ac",
    "https://esm.sh/@anthropic-ai/sdk@0.30.0/denonext/lib/MessageStream.mjs": "1b5f6e0ec63db66ba27fab2e877d60e34048315f2c4d34cf4dcfad8e4acd370d",
    "https://esm.sh/@anthropic-ai/sdk@0.30.0/denonext/lib/PromptCachingBetaMessageStream.mjs": "ab78f2348969138a489935a21ae4e5220d4f9843b346329ed6e40a7dcf234ee7",
    "https://esm.sh/@anthropic-ai/sdk@0.30.0/denonext/pagination.mjs": "7cf938a241615ed6969b80da36a5d97cc08d82dab380c40db39664973a7d2367",
    "https://esm.sh/@anthropic-ai/sdk@0.30.0/denonext/resource.mjs": "7f40b001e5fd51586b09253f87e9d39ba657aa673fa34cf4e554112a147bcb65",
    "https://esm.sh/@anthropic-ai/sdk@0.30.0/denonext/resources/beta/beta.mjs": "013ab8ccead88f2a75d0cecd0585949211ec5d09c2a5b085397c3058c741a063",
    "https://esm.sh/@anthropic-ai/sdk@0.30.0/denonext/resources/beta/messages/batches.mjs": "4a5264f72806458e9a8d1ce6b3505b4f51345672fb10ae595837fa98097722a3",
    "https://esm.sh/@anthropic-ai/sdk@0.30.0/denonext/resources/beta/messages/messages.mjs": "191085fc02975babd19586f666df4933a0599a22bc90e2c96d9522f73a08b3ff",
    "https://esm.sh/@anthropic-ai/sdk@0.30.0/denonext/resources/beta/prompt-caching/messages.mjs": "112aaaae5577be95e41e5c299d06703e3f9c0d535e3691db4098a1afd118574f",
    "https://esm.sh/@anthropic-ai/sdk@0.30.0/denonext/resources/beta/prompt-caching/prompt-caching.mjs": "b4aa56752f7e61579c6ff6fa299e13bd50432e7a532b7dca40d19f7fe97b7821",
    "https://esm.sh/@anthropic-ai/sdk@0.30.0/denonext/resources/completions.mjs": "20f920eb06d446b5f9b4c9a6fdafefe4811147719f0d9bd7f78437f0afd52d39",
    "https://esm.sh/@anthropic-ai/sdk@0.30.0/denonext/resources/index.mjs": "840677cebe7e04ec9ab256ecd2d9ee09b05a0464872c3a14d5f759e9e7262f10",
    "https://esm.sh/@anthropic-ai/sdk@0.30.0/denonext/resources/messages.mjs": "33545106fd31150daa7318ffc5b19908d4e017c3a867a33a3952e3a68bc67bfd",
    "https://esm.sh/@anthropic-ai/sdk@0.30.0/denonext/sdk.mjs": "e2bcdb39a83ed642d3f3b7547a04f9ef2b3406f2aeefa4324ba281c88cb663a9",
    "https://esm.sh/@anthropic-ai/sdk@0.30.0/denonext/streaming.mjs": "ba5475fba81a1caba06e93a94674e65c8e65a8e2c97235f7c37acf549eda8c1c",
    "https://esm.sh/@anthropic-ai/sdk@0.30.0/denonext/uploads.mjs": "e3e1fd90875fa81c1d6a0fb9de51dd1050249866394240c89a1a181e1cfead46",
    "https://esm.sh/@anthropic-ai/sdk@0.30.0/denonext/version.mjs": "13b15bbd5ce64e1217bbde3b982de25a3db369fd793cf482129c3bd0a74cfad2",
    "https://esm.sh/@anthropic-ai/sdk@0.33.1": "e0d36680ffb1eb02473e965ad43dc97b54397ea09698e161abf7d1b3008afe84",
    "https://esm.sh/@supabase/auth-js@2.108.1/denonext/auth-js.mjs": "7444f8b83853c22f4547fe8e385d3c1ff7b646ad07af0e268efc4a45c2b0767c",
    "https://esm.sh/@supabase/functions-js@2.108.1/denonext/functions-js.mjs": "8281d7c05253d84450217f5b76c0b2076705a5388429aa4b582c0aa6cd4c9d27",
    "https://esm.sh/@supabase/phoenix@0.4.2/denonext/phoenix.mjs": "8099a9b1277ec1776f0d0ae15e35be72b87b541a3f787b5477a11b546c8d62a9",
    "https://esm.sh/@supabase/phoenix@0.4.2?target=denonext": "0790ada96f524af71c1af9a3f01b5517bd6e90e9e7e22e4c5436b92bc1534e8d",
    "https://esm.sh/@supabase/postgrest-js@2.108.1/denonext/postgrest-js.mjs": "42cf937da414cda576171052c10ee7745ed6487089ecacff1da6db70d7bdb2bd",
    "https://esm.sh/@supabase/realtime-js@2.108.1/denonext/realtime-js.mjs": "8c41774cb45dd3fdfe2c9b2b0964f6e707db46e105d8137bf70c0048539c02d6",
    "https://esm.sh/@supabase/storage-js@2.108.1/denonext/storage-js.mjs": "890db0e0ae32c624688ea5c93015cad75a1bf6f62cb963683e9d00c7346f5d75",
    "https://esm.sh/@supabase/supabase-js@2.108.1": "fca0990662d240263b440bc055ea919312c0d27f7ab295e835e1644cf49200ce",
    "https://esm.sh/@supabase/supabase-js@2.108.1/denonext/supabase-js.mjs": "8a0b1a85c2aa73ef81dc9798508f1b8d7a980ea100bde88c9453fc90f1e1afc2",
    "https://esm.sh/iceberg-js@0.8.1/denonext/iceberg-js.mjs": "d839d81a2e3966500ca2cdd0c1cb458e9608bacfc91f7bb67a69b2e878dcdb4f",
    "https://esm.sh/iceberg-js@0.8.1?target=denonext": "58c849d7fe2bf4eca4a84eb501e83c161a7d8c34ca1bec15a962b3bec3062633",
    "https://esm.sh/tslib@2.8.1/denonext/tslib.mjs": "c38da5dd6da6281964435002ce204cd586634fe3bdfb24a0ee116f48cf3292e9"
  }
}
